
Microsoft Visual Studio Solution File, Format Version 12.00
# Visual Studio 15
VisualStudioVersion = 15.0.28307.1062
MinimumVisualStudioVersion = 10.0.40219.1
Project("{FAE04EC0-301F-11D3-BF4B-00C04F79EFBC}") = "EFF_V1_0", "EFF_V1_0\EFF_V1_0.csproj", "{89AA1F2F-1B36-4DEE-AB8A-2107C906B54A}"
EndProject
Global
	GlobalSection(SolutionConfigurationPlatforms) = preSolution
		Debug|Any CPU = Debug|Any CPU
		Release|Any CPU = Release|Any CPU
	EndGlobalSection
	GlobalSection(ProjectConfigurationPlatforms) = postSolution
		{89AA1F2F-1B36-4DEE-AB8A-2107C906B54A}.Debug|Any CPU.ActiveCfg = Debug|Any CPU
		{89AA1F2F-1B36-4DEE-AB8A-2107C906B54A}.Debug|Any CPU.Build.0 = Debug|Any CPU
		{89AA1F2F-1B36-4DEE-AB8A-2107C906B54A}.Release|Any CPU.ActiveCfg = Release|Any CPU
		{89AA1F2F-1B36-4DEE-AB8A-2107C906B54A}.Release|Any CPU.Build.0 = Release|Any CPU
	EndGlobalSection
	GlobalSection(SolutionProperties) = preSolution
		HideSolutionNode = FALSE
	EndGlobalSection
	GlobalSection(ExtensibilityGlobals) = postSolution
		SolutionGuid = {DD54AE21-5EB4-4307-A56F-59733EA37F4E}
	EndGlobalSection
EndGlobal
